// !$*UTF8*$!
{
	archiveVersion = 1;
	classes = {
	};
	objectVersion = 46;
	objects = {

/* Begin PBXBuildFile section */
		6D71CBA61C70C6B7003B0B1B /* ADContactsManager.h in Headers */ = {isa = PBXBuildFile; fileRef = 6D71CBA51C70C6B7003B0B1B /* ADContactsManager.h */; settings = {ATTRIBUTES = (Public, ); }; };
		6D71CBAD1C70C6B7003B0B1B /* ADContactsManager.framework in Frameworks */ = {isa = PBXBuildFile; fileRef = 6D71CBA21C70C6B7003B0B1B /* ADContactsManager.framework */; };
		6D71CBF71C70F84A003B0B1B /* ADAddressBookConverterTests.m in Sources */ = {isa = PBXBuildFile; fileRef = 6D71CBF21C70F84A003B0B1B /* ADAddressBookConverterTests.m */; };
		6D71CBF81C70F84A003B0B1B /* ADContactsConverterTests.m in Sources */ = {isa = PBXBuildFile; fileRef = 6D71CBF31C70F84A003B0B1B /* ADContactsConverterTests.m */; };
		6D71CBF91C70F84A003B0B1B /* ADContactsFieldMaskTests.m in Sources */ = {isa = PBXBuildFile; fileRef = 6D71CBF41C70F84A003B0B1B /* ADContactsFieldMaskTests.m */; };
		6D71CBFA1C70F84A003B0B1B /* ADContactsFrameworkManagerTests.m in Sources */ = {isa = PBXBuildFile; fileRef = 6D71CBF51C70F84A003B0B1B /* ADContactsFrameworkManagerTests.m */; };
		6D71CBFB1C70F84A003B0B1B /* ADContactsManagerTests.m in Sources */ = {isa = PBXBuildFile; fileRef = 6D71CBF61C70F84A003B0B1B /* ADContactsManagerTests.m */; };
		6DE70E631C8D737400E37260 /* ADContactsManagerUtilitiesTests.m in Sources */ = {isa = PBXBuildFile; fileRef = 6DE70E621C8D737400E37260 /* ADContactsManagerUtilitiesTests.m */; };
		6DE70E651C8D746600E37260 /* ADContactsManagerErrorTests.m in Sources */ = {isa = PBXBuildFile; fileRef = 6DE70E641C8D746600E37260 /* ADContactsManagerErrorTests.m */; };
		6DE70E671C8D75A500E37260 /* ADContactTests.m in Sources */ = {isa = PBXBuildFile; fileRef = 6DE70E661C8D75A500E37260 /* ADContactTests.m */; };
		6DE70E691C8D803100E37260 /* ADContactPhoneTests.m in Sources */ = {isa = PBXBuildFile; fileRef = 6DE70E681C8D803100E37260 /* ADContactPhoneTests.m */; };
		6DE70E6B1C8D80BF00E37260 /* ADContactEmailTests.m in Sources */ = {isa = PBXBuildFile; fileRef = 6DE70E6A1C8D80BF00E37260 /* ADContactEmailTests.m */; };
		6DE70E6D1C8D811C00E37260 /* ADContactAddressTests.m in Sources */ = {isa = PBXBuildFile; fileRef = 6DE70E6C1C8D811C00E37260 /* ADContactAddressTests.m */; };
		6DE70E911C8EDA9500E37260 /* ADContactsManagerError.h in Headers */ = {isa = PBXBuildFile; fileRef = 6DE70E701C8EDA9500E37260 /* ADContactsManagerError.h */; };
		6DE70E921C8EDA9500E37260 /* ADContactsManagerError.m in Sources */ = {isa = PBXBuildFile; fileRef = 6DE70E711C8EDA9500E37260 /* ADContactsManagerError.m */; };
		6DE70E931C8EDA9500E37260 /* ADContactsManagerMacros.h in Headers */ = {isa = PBXBuildFile; fileRef = 6DE70E721C8EDA9500E37260 /* ADContactsManagerMacros.h */; };
		6DE70E941C8EDA9500E37260 /* ADContactsManagerUtilities.h in Headers */ = {isa = PBXBuildFile; fileRef = 6DE70E731C8EDA9500E37260 /* ADContactsManagerUtilities.h */; };
		6DE70E951C8EDA9500E37260 /* ADContactsManagerUtilities.m in Sources */ = {isa = PBXBuildFile; fileRef = 6DE70E741C8EDA9500E37260 /* ADContactsManagerUtilities.m */; };
		6DE70E961C8EDA9500E37260 /* ADAddressBookConverter.h in Headers */ = {isa = PBXBuildFile; fileRef = 6DE70E761C8EDA9500E37260 /* ADAddressBookConverter.h */; };
		6DE70E971C8EDA9500E37260 /* ADAddressBookConverter.m in Sources */ = {isa = PBXBuildFile; fileRef = 6DE70E771C8EDA9500E37260 /* ADAddressBookConverter.m */; };
		6DE70E981C8EDA9500E37260 /* ADAddressBookFieldMask.h in Headers */ = {isa = PBXBuildFile; fileRef = 6DE70E781C8EDA9500E37260 /* ADAddressBookFieldMask.h */; };
		6DE70E991C8EDA9500E37260 /* ADAddressBookFieldMask.m in Sources */ = {isa = PBXBuildFile; fileRef = 6DE70E791C8EDA9500E37260 /* ADAddressBookFieldMask.m */; };
		6DE70E9A1C8EDA9500E37260 /* ADAddressBookFrameworkManager.h in Headers */ = {isa = PBXBuildFile; fileRef = 6DE70E7A1C8EDA9500E37260 /* ADAddressBookFrameworkManager.h */; };
		6DE70E9B1C8EDA9500E37260 /* ADAddressBookFrameworkManager.m in Sources */ = {isa = PBXBuildFile; fileRef = 6DE70E7B1C8EDA9500E37260 /* ADAddressBookFrameworkManager.m */; };
		6DE70E9C1C8EDA9500E37260 /* ADContactsConverter.h in Headers */ = {isa = PBXBuildFile; fileRef = 6DE70E7D1C8EDA9500E37260 /* ADContactsConverter.h */; };
		6DE70E9D1C8EDA9500E37260 /* ADContactsConverter.m in Sources */ = {isa = PBXBuildFile; fileRef = 6DE70E7E1C8EDA9500E37260 /* ADContactsConverter.m */; };
		6DE70E9E1C8EDA9500E37260 /* ADContactsFieldMask.h in Headers */ = {isa = PBXBuildFile; fileRef = 6DE70E7F1C8EDA9500E37260 /* ADContactsFieldMask.h */; };
		6DE70E9F1C8EDA9500E37260 /* ADContactsFieldMask.m in Sources */ = {isa = PBXBuildFile; fileRef = 6DE70E801C8EDA9500E37260 /* ADContactsFieldMask.m */; };
		6DE70EA01C8EDA9500E37260 /* ADContactsFrameworkManager.h in Headers */ = {isa = PBXBuildFile; fileRef = 6DE70E811C8EDA9500E37260 /* ADContactsFrameworkManager.h */; };
		6DE70EA11C8EDA9500E37260 /* ADContactsFrameworkManager.m in Sources */ = {isa = PBXBuildFile; fileRef = 6DE70E821C8EDA9500E37260 /* ADContactsFrameworkManager.m */; };
		6DE70EA21C8EDA9500E37260 /* ADContactInfo.h in Headers */ = {isa = PBXBuildFile; fileRef = 6DE70E841C8EDA9500E37260 /* ADContactInfo.h */; };
		6DE70EA31C8EDA9500E37260 /* ADContactsManager.h in Headers */ = {isa = PBXBuildFile; fileRef = 6DE70E851C8EDA9500E37260 /* ADContactsManager.h */; };
		6DE70EA41C8EDA9500E37260 /* ADContactsManager.m in Sources */ = {isa = PBXBuildFile; fileRef = 6DE70E861C8EDA9500E37260 /* ADContactsManager.m */; };
		6DE70EA51C8EDA9500E37260 /* ADContactsTypes.h in Headers */ = {isa = PBXBuildFile; fileRef = 6DE70E871C8EDA9500E37260 /* ADContactsTypes.h */; };
		6DE70EA61C8EDA9500E37260 /* ADContact.h in Headers */ = {isa = PBXBuildFile; fileRef = 6DE70E891C8EDA9500E37260 /* ADContact.h */; };
		6DE70EA71C8EDA9500E37260 /* ADContact.m in Sources */ = {isa = PBXBuildFile; fileRef = 6DE70E8A1C8EDA9500E37260 /* ADContact.m */; };
		6DE70EA81C8EDA9500E37260 /* ADContactAddress.h in Headers */ = {isa = PBXBuildFile; fileRef = 6DE70E8B1C8EDA9500E37260 /* ADContactAddress.h */; };
		6DE70EA91C8EDA9500E37260 /* ADContactAddress.m in Sources */ = {isa = PBXBuildFile; fileRef = 6DE70E8C1C8EDA9500E37260 /* ADContactAddress.m */; };
		6DE70EAA1C8EDA9500E37260 /* ADContactEmail.h in Headers */ = {isa = PBXBuildFile; fileRef = 6DE70E8D1C8EDA9500E37260 /* ADContactEmail.h */; };
		6DE70EAB1C8EDA9500E37260 /* ADContactEmail.m in Sources */ = {isa = PBXBuildFile; fileRef = 6DE70E8E1C8EDA9500E37260 /* ADContactEmail.m */; };
		6DE70EAC1C8EDA9500E37260 /* ADContactPhone.h in Headers */ = {isa = PBXBuildFile; fileRef = 6DE70E8F1C8EDA9500E37260 /* ADContactPhone.h */; };
		6DE70EAD1C8EDA9500E37260 /* ADContactPhone.m in Sources */ = {isa = PBXBuildFile; fileRef = 6DE70E901C8EDA9500E37260 /* ADContactPhone.m */; };
		F4E50666DCCD9F897D337C20 /* libPods-ADContactsManagerTests.a in Frameworks */ = {isa = PBXBuildFile; fileRef = A9FEAE2D97E3108A64F20709 /* libPods-ADContactsManagerTests.a */; };
/* End PBXBuildFile section */

/* Begin PBXContainerItemProxy section */
		6D71CBAE1C70C6B7003B0B1B /* PBXContainerItemProxy */ = {
			isa = PBXContainerItemProxy;
			containerPortal = 6D71CB991C70C6B7003B0B1B /* Project object */;
			proxyType = 1;
			remoteGlobalIDString = 6D71CBA11C70C6B7003B0B1B;
			remoteInfo = ADContactsManager;
		};
/* End PBXContainerItemProxy section */

/* Begin PBXFileReference section */
		0EAA46980971DEFFCB7EA4F8 /* Pods-ADContactsManagerTests.release.xcconfig */ = {isa = PBXFileReference; includeInIndex = 1; lastKnownFileType = text.xcconfig; name = "Pods-ADContactsManagerTests.release.xcconfig"; path = "Pods/Target Support Files/Pods-ADContactsManagerTests/Pods-ADContactsManagerTests.release.xcconfig"; sourceTree = "<group>"; };
		6D71CBA21C70C6B7003B0B1B /* ADContactsManager.framework */ = {isa = PBXFileReference; explicitFileType = wrapper.framework; includeInIndex = 0; path = ADContactsManager.framework; sourceTree = BUILT_PRODUCTS_DIR; };
		6D71CBA51C70C6B7003B0B1B /* ADContactsManager.h */ = {isa = PBXFileReference; lastKnownFileType = sourcecode.c.h; path = ADContactsManager.h; sourceTree = "<group>"; };
		6D71CBA71C70C6B7003B0B1B /* Info.plist */ = {isa = PBXFileReference; lastKnownFileType = text.plist.xml; path = Info.plist; sourceTree = "<group>"; };
		6D71CBAC1C70C6B7003B0B1B /* ADContactsManagerTests.xctest */ = {isa = PBXFileReference; explicitFileType = wrapper.cfbundle; includeInIndex = 0; path = ADContactsManagerTests.xctest; sourceTree = BUILT_PRODUCTS_DIR; };
		6D71CBB31C70C6B7003B0B1B /* Info.plist */ = {isa = PBXFileReference; lastKnownFileType = text.plist.xml; path = Info.plist; sourceTree = "<group>"; };
		6D71CBF21C70F84A003B0B1B /* ADAddressBookConverterTests.m */ = {isa = PBXFileReference; fileEncoding = 4; lastKnownFileType = sourcecode.c.objc; path = ADAddressBookConverterTests.m; sourceTree = "<group>"; };
		6D71CBF31C70F84A003B0B1B /* ADContactsConverterTests.m */ = {isa = PBXFileReference; fileEncoding = 4; lastKnownFileType = sourcecode.c.objc; path = ADContactsConverterTests.m; sourceTree = "<group>"; };
		6D71CBF41C70F84A003B0B1B /* ADContactsFieldMaskTests.m */ = {isa = PBXFileReference; fileEncoding = 4; lastKnownFileType = sourcecode.c.objc; path = ADContactsFieldMaskTests.m; sourceTree = "<group>"; };
		6D71CBF51C70F84A003B0B1B /* ADContactsFrameworkManagerTests.m */ = {isa = PBXFileReference; fileEncoding = 4; lastKnownFileType = sourcecode.c.objc; path = ADContactsFrameworkManagerTests.m; sourceTree = "<group>"; };
		6D71CBF61C70F84A003B0B1B /* ADContactsManagerTests.m */ = {isa = PBXFileReference; fileEncoding = 4; lastKnownFileType = sourcecode.c.objc; path = ADContactsManagerTests.m; sourceTree = "<group>"; };
		6DE70E621C8D737400E37260 /* ADContactsManagerUtilitiesTests.m */ = {isa = PBXFileReference; fileEncoding = 4; lastKnownFileType = sourcecode.c.objc; path = ADContactsManagerUtilitiesTests.m; sourceTree = "<group>"; };
		6DE70E641C8D746600E37260 /* ADContactsManagerErrorTests.m */ = {isa = PBXFileReference; fileEncoding = 4; lastKnownFileType = sourcecode.c.objc; path = ADContactsManagerErrorTests.m; sourceTree = "<group>"; };
		6DE70E661C8D75A500E37260 /* ADContactTests.m */ = {isa = PBXFileReference; fileEncoding = 4; lastKnownFileType = sourcecode.c.objc; path = ADContactTests.m; sourceTree = "<group>"; };
		6DE70E681C8D803100E37260 /* ADContactPhoneTests.m */ = {isa = PBXFileReference; fileEncoding = 4; lastKnownFileType = sourcecode.c.objc; path = ADContactPhoneTests.m; sourceTree = "<group>"; };
		6DE70E6A1C8D80BF00E37260 /* ADContactEmailTests.m */ = {isa = PBXFileReference; fileEncoding = 4; lastKnownFileType = sourcecode.c.objc; path = ADContactEmailTests.m; sourceTree = "<group>"; };
		6DE70E6C1C8D811C00E37260 /* ADContactAddressTests.m */ = {isa = PBXFileReference; fileEncoding = 4; lastKnownFileType = sourcecode.c.objc; path = ADContactAddressTests.m; sourceTree = "<group>"; };
		6DE70E701C8EDA9500E37260 /* ADContactsManagerError.h */ = {isa = PBXFileReference; fileEncoding = 4; lastKnownFileType = sourcecode.c.h; path = ADContactsManagerError.h; sourceTree = "<group>"; };
		6DE70E711C8EDA9500E37260 /* ADContactsManagerError.m */ = {isa = PBXFileReference; fileEncoding = 4; lastKnownFileType = sourcecode.c.objc; path = ADContactsManagerError.m; sourceTree = "<group>"; };
		6DE70E721C8EDA9500E37260 /* ADContactsManagerMacros.h */ = {isa = PBXFileReference; fileEncoding = 4; lastKnownFileType = sourcecode.c.h; path = ADContactsManagerMacros.h; sourceTree = "<group>"; };
		6DE70E731C8EDA9500E37260 /* ADContactsManagerUtilities.h */ = {isa = PBXFileReference; fileEncoding = 4; lastKnownFileType = sourcecode.c.h; path = ADContactsManagerUtilities.h; sourceTree = "<group>"; };
		6DE70E741C8EDA9500E37260 /* ADContactsManagerUtilities.m */ = {isa = PBXFileReference; fileEncoding = 4; lastKnownFileType = sourcecode.c.objc; path = ADContactsManagerUtilities.m; sourceTree = "<group>"; };
		6DE70E761C8EDA9500E37260 /* ADAddressBookConverter.h */ = {isa = PBXFileReference; fileEncoding = 4; lastKnownFileType = sourcecode.c.h; path = ADAddressBookConverter.h; sourceTree = "<group>"; };
		6DE70E771C8EDA9500E37260 /* ADAddressBookConverter.m */ = {isa = PBXFileReference; fileEncoding = 4; lastKnownFileType = sourcecode.c.objc; path = ADAddressBookConverter.m; sourceTree = "<group>"; };
		6DE70E781C8EDA9500E37260 /* ADAddressBookFieldMask.h */ = {isa = PBXFileReference; fileEncoding = 4; lastKnownFileType = sourcecode.c.h; path = ADAddressBookFieldMask.h; sourceTree = "<group>"; };
		6DE70E791C8EDA9500E37260 /* ADAddressBookFieldMask.m */ = {isa = PBXFileReference; fileEncoding = 4; lastKnownFileType = sourcecode.c.objc; path = ADAddressBookFieldMask.m; sourceTree = "<group>"; };
		6DE70E7A1C8EDA9500E37260 /* ADAddressBookFrameworkManager.h */ = {isa = PBXFileReference; fileEncoding = 4; lastKnownFileType = sourcecode.c.h; path = ADAddressBookFrameworkManager.h; sourceTree = "<group>"; };
		6DE70E7B1C8EDA9500E37260 /* ADAddressBookFrameworkManager.m */ = {isa = PBXFileReference; fileEncoding = 4; lastKnownFileType = sourcecode.c.objc; path = ADAddressBookFrameworkManager.m; sourceTree = "<group>"; };
		6DE70E7D1C8EDA9500E37260 /* ADContactsConverter.h */ = {isa = PBXFileReference; fileEncoding = 4; lastKnownFileType = sourcecode.c.h; path = ADContactsConverter.h; sourceTree = "<group>"; };
		6DE70E7E1C8EDA9500E37260 /* ADContactsConverter.m */ = {isa = PBXFileReference; fileEncoding = 4; lastKnownFileType = sourcecode.c.objc; path = ADContactsConverter.m; sourceTree = "<group>"; };
		6DE70E7F1C8EDA9500E37260 /* ADContactsFieldMask.h */ = {isa = PBXFileReference; fileEncoding = 4; lastKnownFileType = sourcecode.c.h; path = ADContactsFieldMask.h; sourceTree = "<group>"; };
		6DE70E801C8EDA9500E37260 /* ADContactsFieldMask.m */ = {isa = PBXFileReference; fileEncoding = 4; lastKnownFileType = sourcecode.c.objc; path = ADContactsFieldMask.m; sourceTree = "<group>"; };
		6DE70E811C8EDA9500E37260 /* ADContactsFrameworkManager.h */ = {isa = PBXFileReference; fileEncoding = 4; lastKnownFileType = sourcecode.c.h; path = ADContactsFrameworkManager.h; sourceTree = "<group>"; };
		6DE70E821C8EDA9500E37260 /* ADContactsFrameworkManager.m */ = {isa = PBXFileReference; fileEncoding = 4; lastKnownFileType = sourcecode.c.objc; path = ADContactsFrameworkManager.m; sourceTree = "<group>"; };
		6DE70E841C8EDA9500E37260 /* ADContactInfo.h */ = {isa = PBXFileReference; fileEncoding = 4; lastKnownFileType = sourcecode.c.h; path = ADContactInfo.h; sourceTree = "<group>"; };
		6DE70E851C8EDA9500E37260 /* ADContactsManager.h */ = {isa = PBXFileReference; fileEncoding = 4; lastKnownFileType = sourcecode.c.h; path = ADContactsManager.h; sourceTree = "<group>"; };
		6DE70E861C8EDA9500E37260 /* ADContactsManager.m */ = {isa = PBXFileReference; fileEncoding = 4; lastKnownFileType = sourcecode.c.objc; path = ADContactsManager.m; sourceTree = "<group>"; };
		6DE70E871C8EDA9500E37260 /* ADContactsTypes.h */ = {isa = PBXFileReference; fileEncoding = 4; lastKnownFileType = sourcecode.c.h; path = ADContactsTypes.h; sourceTree = "<group>"; };
		6DE70E891C8EDA9500E37260 /* ADContact.h */ = {isa = PBXFileReference; fileEncoding = 4; lastKnownFileType = sourcecode.c.h; path = ADContact.h; sourceTree = "<group>"; };
		6DE70E8A1C8EDA9500E37260 /* ADContact.m */ = {isa = PBXFileReference; fileEncoding = 4; lastKnownFileType = sourcecode.c.objc; path = ADContact.m; sourceTree = "<group>"; };
		6DE70E8B1C8EDA9500E37260 /* ADContactAddress.h */ = {isa = PBXFileReference; fileEncoding = 4; lastKnownFileType = sourcecode.c.h; path = ADContactAddress.h; sourceTree = "<group>"; };
		6DE70E8C1C8EDA9500E37260 /* ADContactAddress.m */ = {isa = PBXFileReference; fileEncoding = 4; lastKnownFileType = sourcecode.c.objc; path = ADContactAddress.m; sourceTree = "<group>"; };
		6DE70E8D1C8EDA9500E37260 /* ADContactEmail.h */ = {isa = PBXFileReference; fileEncoding = 4; lastKnownFileType = sourcecode.c.h; path = ADContactEmail.h; sourceTree = "<group>"; };
		6DE70E8E1C8EDA9500E37260 /* ADContactEmail.m */ = {isa = PBXFileReference; fileEncoding = 4; lastKnownFileType = sourcecode.c.objc; path = ADContactEmail.m; sourceTree = "<group>"; };
		6DE70E8F1C8EDA9500E37260 /* ADContactPhone.h */ = {isa = PBXFileReference; fileEncoding = 4; lastKnownFileType = sourcecode.c.h; path = ADContactPhone.h; sourceTree = "<group>"; };
		6DE70E901C8EDA9500E37260 /* ADContactPhone.m */ = {isa = PBXFileReference; fileEncoding = 4; lastKnownFileType = sourcecode.c.objc; path = ADContactPhone.m; sourceTree = "<group>"; };
		739A2219F9C8FDC24A36BBA7 /* Pods-ADContactsManagerTests.debug.xcconfig */ = {isa = PBXFileReference; includeInIndex = 1; lastKnownFileType = text.xcconfig; name = "Pods-ADContactsManagerTests.debug.xcconfig"; path = "Pods/Target Support Files/Pods-ADContactsManagerTests/Pods-ADContactsManagerTests.debug.xcconfig"; sourceTree = "<group>"; };
		A9FEAE2D97E3108A64F20709 /* libPods-ADContactsManagerTests.a */ = {isa = PBXFileReference; explicitFileType = archive.ar; includeInIndex = 0; path = "libPods-ADContactsManagerTests.a"; sourceTree = BUILT_PRODUCTS_DIR; };
/* End PBXFileReference section */

/* Begin PBXFrameworksBuildPhase section */
		6D71CB9E1C70C6B7003B0B1B /* Frameworks */ = {
			isa = PBXFrameworksBuildPhase;
			buildActionMask = 2147483647;
			files = (
			);
			runOnlyForDeploymentPostprocessing = 0;
		};
		6D71CBA91C70C6B7003B0B1B /* Frameworks */ = {
			isa = PBXFrameworksBuildPhase;
			buildActionMask = 2147483647;
			files = (
				6D71CBAD1C70C6B7003B0B1B /* ADContactsManager.framework in Frameworks */,
				F4E50666DCCD9F897D337C20 /* libPods-ADContactsManagerTests.a in Frameworks */,
			);
			runOnlyForDeploymentPostprocessing = 0;
		};
/* End PBXFrameworksBuildPhase section */

/* Begin PBXGroup section */
		170A2CDEEC2110AFEB2FD226 /* Frameworks */ = {
			isa = PBXGroup;
			children = (
				A9FEAE2D97E3108A64F20709 /* libPods-ADContactsManagerTests.a */,
			);
			name = Frameworks;
			sourceTree = "<group>";
		};
		6D71CB981C70C6B7003B0B1B = {
			isa = PBXGroup;
			children = (
				6D71CBA41C70C6B7003B0B1B /* ADContactsManager */,
				6D71CBB01C70C6B7003B0B1B /* ADContactsManagerTests */,
				6D71CBA31C70C6B7003B0B1B /* Products */,
				F6B8784ED806F8A8BBC572C7 /* Pods */,
				170A2CDEEC2110AFEB2FD226 /* Frameworks */,
			);
			sourceTree = "<group>";
		};
		6D71CBA31C70C6B7003B0B1B /* Products */ = {
			isa = PBXGroup;
			children = (
				6D71CBA21C70C6B7003B0B1B /* ADContactsManager.framework */,
				6D71CBAC1C70C6B7003B0B1B /* ADContactsManagerTests.xctest */,
			);
			name = Products;
			sourceTree = "<group>";
		};
		6D71CBA41C70C6B7003B0B1B /* ADContactsManager */ = {
			isa = PBXGroup;
			children = (
				6DE70E6E1C8EDA9500E37260 /* Source */,
				6D71CBA51C70C6B7003B0B1B /* ADContactsManager.h */,
				6D71CBA71C70C6B7003B0B1B /* Info.plist */,
			);
			path = ADContactsManager;
			sourceTree = "<group>";
		};
		6D71CBB01C70C6B7003B0B1B /* ADContactsManagerTests */ = {
			isa = PBXGroup;
			children = (
				6D71CBF21C70F84A003B0B1B /* ADAddressBookConverterTests.m */,
				6D71CBF31C70F84A003B0B1B /* ADContactsConverterTests.m */,
				6D71CBF41C70F84A003B0B1B /* ADContactsFieldMaskTests.m */,
				6D71CBF51C70F84A003B0B1B /* ADContactsFrameworkManagerTests.m */,
				6D71CBF61C70F84A003B0B1B /* ADContactsManagerTests.m */,
				6D71CBB31C70C6B7003B0B1B /* Info.plist */,
				6DE70E621C8D737400E37260 /* ADContactsManagerUtilitiesTests.m */,
				6DE70E641C8D746600E37260 /* ADContactsManagerErrorTests.m */,
				6DE70E661C8D75A500E37260 /* ADContactTests.m */,
				6DE70E681C8D803100E37260 /* ADContactPhoneTests.m */,
				6DE70E6A1C8D80BF00E37260 /* ADContactEmailTests.m */,
				6DE70E6C1C8D811C00E37260 /* ADContactAddressTests.m */,
			);
			path = ADContactsManagerTests;
			sourceTree = "<group>";
		};
		6DE70E6E1C8EDA9500E37260 /* Source */ = {
			isa = PBXGroup;
			children = (
				6DE70E6F1C8EDA9500E37260 /* Private */,
				6DE70E831C8EDA9500E37260 /* Public */,
			);
			path = Source;
			sourceTree = "<group>";
		};
		6DE70E6F1C8EDA9500E37260 /* Private */ = {
			isa = PBXGroup;
			children = (
				6DE70E701C8EDA9500E37260 /* ADContactsManagerError.h */,
				6DE70E711C8EDA9500E37260 /* ADContactsManagerError.m */,
				6DE70E721C8EDA9500E37260 /* ADContactsManagerMacros.h */,
				6DE70E731C8EDA9500E37260 /* ADContactsManagerUtilities.h */,
				6DE70E741C8EDA9500E37260 /* ADContactsManagerUtilities.m */,
				6DE70E751C8EDA9500E37260 /* AddressBook Framework */,
				6DE70E7C1C8EDA9500E37260 /* Contacts Framework */,
			);
			path = Private;
			sourceTree = "<group>";
		};
		6DE70E751C8EDA9500E37260 /* AddressBook Framework */ = {
			isa = PBXGroup;
			children = (
				6DE70E761C8EDA9500E37260 /* ADAddressBookConverter.h */,
				6DE70E771C8EDA9500E37260 /* ADAddressBookConverter.m */,
				6DE70E781C8EDA9500E37260 /* ADAddressBookFieldMask.h */,
				6DE70E791C8EDA9500E37260 /* ADAddressBookFieldMask.m */,
				6DE70E7A1C8EDA9500E37260 /* ADAddressBookFrameworkManager.h */,
				6DE70E7B1C8EDA9500E37260 /* ADAddressBookFrameworkManager.m */,
			);
			path = "AddressBook Framework";
			sourceTree = "<group>";
		};
		6DE70E7C1C8EDA9500E37260 /* Contacts Framework */ = {
			isa = PBXGroup;
			children = (
				6DE70E7D1C8EDA9500E37260 /* ADContactsConverter.h */,
				6DE70E7E1C8EDA9500E37260 /* ADContactsConverter.m */,
				6DE70E7F1C8EDA9500E37260 /* ADContactsFieldMask.h */,
				6DE70E801C8EDA9500E37260 /* ADContactsFieldMask.m */,
				6DE70E811C8EDA9500E37260 /* ADContactsFrameworkManager.h */,
				6DE70E821C8EDA9500E37260 /* ADContactsFrameworkManager.m */,
			);
			path = "Contacts Framework";
			sourceTree = "<group>";
		};
		6DE70E831C8EDA9500E37260 /* Public */ = {
			isa = PBXGroup;
			children = (
				6DE70E841C8EDA9500E37260 /* ADContactInfo.h */,
				6DE70E851C8EDA9500E37260 /* ADContactsManager.h */,
				6DE70E861C8EDA9500E37260 /* ADContactsManager.m */,
				6DE70E871C8EDA9500E37260 /* ADContactsTypes.h */,
				6DE70E881C8EDA9500E37260 /* Models */,
			);
			path = Public;
			sourceTree = "<group>";
		};
		6DE70E881C8EDA9500E37260 /* Models */ = {
			isa = PBXGroup;
			children = (
				6DE70E891C8EDA9500E37260 /* ADContact.h */,
				6DE70E8A1C8EDA9500E37260 /* ADContact.m */,
				6DE70E8B1C8EDA9500E37260 /* ADContactAddress.h */,
				6DE70E8C1C8EDA9500E37260 /* ADContactAddress.m */,
				6DE70E8D1C8EDA9500E37260 /* ADContactEmail.h */,
				6DE70E8E1C8EDA9500E37260 /* ADContactEmail.m */,
				6DE70E8F1C8EDA9500E37260 /* ADContactPhone.h */,
				6DE70E901C8EDA9500E37260 /* ADContactPhone.m */,
			);
			path = Models;
			sourceTree = "<group>";
		};
		F6B8784ED806F8A8BBC572C7 /* Pods */ = {
			isa = PBXGroup;
			children = (
				739A2219F9C8FDC24A36BBA7 /* Pods-ADContactsManagerTests.debug.xcconfig */,
				0EAA46980971DEFFCB7EA4F8 /* Pods-ADContactsManagerTests.release.xcconfig */,
			);
			name = Pods;
			sourceTree = "<group>";
		};
/* End PBXGroup section */

/* Begin PBXHeadersBuildPhase section */
		6D71CB9F1C70C6B7003B0B1B /* Headers */ = {
			isa = PBXHeadersBuildPhase;
			buildActionMask = 2147483647;
			files = (
				6DE70E981C8EDA9500E37260 /* ADAddressBookFieldMask.h in Headers */,
				6DE70EA21C8EDA9500E37260 /* ADContactInfo.h in Headers */,
				6DE70EA01C8EDA9500E37260 /* ADContactsFrameworkManager.h in Headers */,
				6DE70EAC1C8EDA9500E37260 /* ADContactPhone.h in Headers */,
				6DE70E931C8EDA9500E37260 /* ADContactsManagerMacros.h in Headers */,
				6DE70E9A1C8EDA9500E37260 /* ADAddressBookFrameworkManager.h in Headers */,
				6DE70E941C8EDA9500E37260 /* ADContactsManagerUtilities.h in Headers */,
				6DE70E961C8EDA9500E37260 /* ADAddressBookConverter.h in Headers */,
				6D71CBA61C70C6B7003B0B1B /* ADContactsManager.h in Headers */,
				6DE70EA81C8EDA9500E37260 /* ADContactAddress.h in Headers */,
				6DE70EA31C8EDA9500E37260 /* ADContactsManager.h in Headers */,
				6DE70EA51C8EDA9500E37260 /* ADContactsTypes.h in Headers */,
				6DE70E9E1C8EDA9500E37260 /* ADContactsFieldMask.h in Headers */,
				6DE70E911C8EDA9500E37260 /* ADContactsManagerError.h in Headers */,
				6DE70EA61C8EDA9500E37260 /* ADContact.h in Headers */,
				6DE70E9C1C8EDA9500E37260 /* ADContactsConverter.h in Headers */,
				6DE70EAA1C8EDA9500E37260 /* ADContactEmail.h in Headers */,
			);
			runOnlyForDeploymentPostprocessing = 0;
		};
/* End PBXHeadersBuildPhase section */

/* Begin PBXNativeTarget section */
		6D71CBA11C70C6B7003B0B1B /* ADContactsManager */ = {
			isa = PBXNativeTarget;
			buildConfigurationList = 6D71CBB61C70C6B7003B0B1B /* Build configuration list for PBXNativeTarget "ADContactsManager" */;
			buildPhases = (
				6D71CB9D1C70C6B7003B0B1B /* Sources */,
				6D71CB9E1C70C6B7003B0B1B /* Frameworks */,
				6D71CB9F1C70C6B7003B0B1B /* Headers */,
				6D71CBA01C70C6B7003B0B1B /* Resources */,
			);
			buildRules = (
			);
			dependencies = (
			);
			name = ADContactsManager;
			productName = ADContactsManager;
			productReference = 6D71CBA21C70C6B7003B0B1B /* ADContactsManager.framework */;
			productType = "com.apple.product-type.framework";
		};
		6D71CBAB1C70C6B7003B0B1B /* ADContactsManagerTests */ = {
			isa = PBXNativeTarget;
			buildConfigurationList = 6D71CBB91C70C6B7003B0B1B /* Build configuration list for PBXNativeTarget "ADContactsManagerTests" */;
			buildPhases = (
				94FBFA364488115BC29E2387 /* Check Pods Manifest.lock */,
				6D71CBA81C70C6B7003B0B1B /* Sources */,
				6D71CBA91C70C6B7003B0B1B /* Frameworks */,
				6D71CBAA1C70C6B7003B0B1B /* Resources */,
				C24A34A2AD2CD8056961DB97 /* Embed Pods Frameworks */,
				EA08D2E37708C976931E9BD7 /* Copy Pods Resources */,
			);
			buildRules = (
			);
			dependencies = (
				6D71CBAF1C70C6B7003B0B1B /* PBXTargetDependency */,
			);
			name = ADContactsManagerTests;
			productName = ADContactsManagerTests;
			productReference = 6D71CBAC1C70C6B7003B0B1B /* ADContactsManagerTests.xctest */;
			productType = "com.apple.product-type.bundle.unit-test";
		};
/* End PBXNativeTarget section */

/* Begin PBXProject section */
		6D71CB991C70C6B7003B0B1B /* Project object */ = {
			isa = PBXProject;
			attributes = {
				LastUpgradeCheck = 0720;
				ORGANIZATIONNAME = "Anton Domashnev";
				TargetAttributes = {
					6D71CBA11C70C6B7003B0B1B = {
						CreatedOnToolsVersion = 7.2.1;
					};
					6D71CBAB1C70C6B7003B0B1B = {
						CreatedOnToolsVersion = 7.2.1;
					};
				};
			};
			buildConfigurationList = 6D71CB9C1C70C6B7003B0B1B /* Build configuration list for PBXProject "ADContactsManager" */;
			compatibilityVersion = "Xcode 3.2";
			developmentRegion = English;
			hasScannedForEncodings = 0;
			knownRegions = (
				en,
			);
			mainGroup = 6D71CB981C70C6B7003B0B1B;
			productRefGroup = 6D71CBA31C70C6B7003B0B1B /* Products */;
			projectDirPath = "";
			projectRoot = "";
			targets = (
				6D71CBA11C70C6B7003B0B1B /* ADContactsManager */,
				6D71CBAB1C70C6B7003B0B1B /* ADContactsManagerTests */,
			);
		};
/* End PBXProject section */

/* Begin PBXResourcesBuildPhase section */
		6D71CBA01C70C6B7003B0B1B /* Resources */ = {
			isa = PBXResourcesBuildPhase;
			buildActionMask = 2147483647;
			files = (
			);
			runOnlyForDeploymentPostprocessing = 0;
		};
		6D71CBAA1C70C6B7003B0B1B /* Resources */ = {
			isa = PBXResourcesBuildPhase;
			buildActionMask = 2147483647;
			files = (
			);
			runOnlyForDeploymentPostprocessing = 0;
		};
/* End PBXResourcesBuildPhase section */

/* Begin PBXShellScriptBuildPhase section */
		94FBFA364488115BC29E2387 /* Check Pods Manifest.lock */ = {
			isa = PBXShellScriptBuildPhase;
			buildActionMask = 2147483647;
			files = (
			);
			inputPaths = (
			);
			name = "Check Pods Manifest.lock";
			outputPaths = (
			);
			runOnlyForDeploymentPostprocessing = 0;
			shellPath = /bin/sh;
			shellScript = "diff \"${PODS_ROOT}/../Podfile.lock\" \"${PODS_ROOT}/Manifest.lock\" > /dev/null\nif [[ $? != 0 ]] ; then\n    cat << EOM\nerror: The sandbox is not in sync with the Podfile.lock. Run 'pod install' or update your CocoaPods installation.\nEOM\n    exit 1\nfi\n";
			showEnvVarsInLog = 0;
		};
		C24A34A2AD2CD8056961DB97 /* Embed Pods Frameworks */ = {
			isa = PBXShellScriptBuildPhase;
			buildActionMask = 2147483647;
			files = (
			);
			inputPaths = (
			);
			name = "Embed Pods Frameworks";
			outputPaths = (
			);
			runOnlyForDeploymentPostprocessing = 0;
			shellPath = /bin/sh;
			shellScript = "\"${SRCROOT}/Pods/Target Support Files/Pods-ADContactsManagerTests/Pods-ADContactsManagerTests-frameworks.sh\"\n";
			showEnvVarsInLog = 0;
		};
		EA08D2E37708C976931E9BD7 /* Copy Pods Resources */ = {
			isa = PBXShellScriptBuildPhase;
			buildActionMask = 2147483647;
			files = (
			);
			inputPaths = (
			);
			name = "Copy Pods Resources";
			outputPaths = (
			);
			runOnlyForDeploymentPostprocessing = 0;
			shellPath = /bin/sh;
			shellScript = "\"${SRCROOT}/Pods/Target Support Files/Pods-ADContactsManagerTests/Pods-ADContactsManagerTests-resources.sh\"\n";
			showEnvVarsInLog = 0;
		};
/* End PBXShellScriptBuildPhase section */

/* Begin PBXSourcesBuildPhase section */
		6D71CB9D1C70C6B7003B0B1B /* Sources */ = {
			isa = PBXSourcesBuildPhase;
			buildActionMask = 2147483647;
			files = (
				6DE70E9F1C8EDA9500E37260 /* ADContactsFieldMask.m in Sources */,
				6DE70E9D1C8EDA9500E37260 /* ADContactsConverter.m in Sources */,
				6DE70EA91C8EDA9500E37260 /* ADContactAddress.m in Sources */,
				6DE70E971C8EDA9500E37260 /* ADAddressBookConverter.m in Sources */,
				6DE70EAB1C8EDA9500E37260 /* ADContactEmail.m in Sources */,
				6DE70E991C8EDA9500E37260 /* ADAddressBookFieldMask.m in Sources */,
				6DE70EA11C8EDA9500E37260 /* ADContactsFrameworkManager.m in Sources */,
				6DE70EA71C8EDA9500E37260 /* ADContact.m in Sources */,
				6DE70E9B1C8EDA9500E37260 /* ADAddressBookFrameworkManager.m in Sources */,
				6DE70EAD1C8EDA9500E37260 /* ADContactPhone.m in Sources */,
				6DE70E951C8EDA9500E37260 /* ADContactsManagerUtilities.m in Sources */,
				6DE70E921C8EDA9500E37260 /* ADContactsManagerError.m in Sources */,
				6DE70EA41C8EDA9500E37260 /* ADContactsManager.m in Sources */,
			);
			runOnlyForDeploymentPostprocessing = 0;
		};
		6D71CBA81C70C6B7003B0B1B /* Sources */ = {
			isa = PBXSourcesBuildPhase;
			buildActionMask = 2147483647;
			files = (
				6DE70E6B1C8D80BF00E37260 /* ADContactEmailTests.m in Sources */,
				6DE70E631C8D737400E37260 /* ADContactsManagerUtilitiesTests.m in Sources */,
				6DE70E651C8D746600E37260 /* ADContactsManagerErrorTests.m in Sources */,
				6D71CBFA1C70F84A003B0B1B /* ADContactsFrameworkManagerTests.m in Sources */,
				6D71CBF81C70F84A003B0B1B /* ADContactsConverterTests.m in Sources */,
				6DE70E691C8D803100E37260 /* ADContactPhoneTests.m in Sources */,
				6D71CBF91C70F84A003B0B1B /* ADContactsFieldMaskTests.m in Sources */,
				6D71CBF71C70F84A003B0B1B /* ADAddressBookConverterTests.m in Sources */,
				6D71CBFB1C70F84A003B0B1B /* ADContactsManagerTests.m in Sources */,
				6DE70E671C8D75A500E37260 /* ADContactTests.m in Sources */,
				6DE70E6D1C8D811C00E37260 /* ADContactAddressTests.m in Sources */,
			);
			runOnlyForDeploymentPostprocessing = 0;
		};
/* End PBXSourcesBuildPhase section */

/* Begin PBXTargetDependency section */
		6D71CBAF1C70C6B7003B0B1B /* PBXTargetDependency */ = {
			isa = PBXTargetDependency;
			target = 6D71CBA11C70C6B7003B0B1B /* ADContactsManager */;
			targetProxy = 6D71CBAE1C70C6B7003B0B1B /* PBXContainerItemProxy */;
		};
/* End PBXTargetDependency section */

/* Begin XCBuildConfiguration section */
		6D71CBB41C70C6B7003B0B1B /* Debug */ = {
			isa = XCBuildConfiguration;
			buildSettings = {
				ALWAYS_SEARCH_USER_PATHS = NO;
				CLANG_CXX_LANGUAGE_STANDARD = "gnu++0x";
				CLANG_CXX_LIBRARY = "libc++";
				CLANG_ENABLE_MODULES = YES;
				CLANG_ENABLE_OBJC_ARC = YES;
				CLANG_WARN_BOOL_CONVERSION = YES;
				CLANG_WARN_CONSTANT_CONVERSION = YES;
				CLANG_WARN_DIRECT_OBJC_ISA_USAGE = YES_ERROR;
				CLANG_WARN_EMPTY_BODY = YES;
				CLANG_WARN_ENUM_CONVERSION = YES;
				CLANG_WARN_INT_CONVERSION = YES;
				CLANG_WARN_OBJC_ROOT_CLASS = YES_ERROR;
				CLANG_WARN_UNREACHABLE_CODE = YES;
				CLANG_WARN__DUPLICATE_METHOD_MATCH = YES;
				"CODE_SIGN_IDENTITY[sdk=iphoneos*]" = "iPhone Developer";
				COPY_PHASE_STRIP = NO;
				CURRENT_PROJECT_VERSION = 1;
				DEBUG_INFORMATION_FORMAT = dwarf;
				ENABLE_STRICT_OBJC_MSGSEND = YES;
				ENABLE_TESTABILITY = YES;
				GCC_C_LANGUAGE_STANDARD = gnu99;
				GCC_DYNAMIC_NO_PIC = NO;
				GCC_NO_COMMON_BLOCKS = YES;
				GCC_OPTIMIZATION_LEVEL = 0;
				GCC_PREPROCESSOR_DEFINITIONS = (
					"DEBUG=1",
					"$(inherited)",
				);
				GCC_WARN_64_TO_32_BIT_CONVERSION = YES;
				GCC_WARN_ABOUT_RETURN_TYPE = YES_ERROR;
				GCC_WARN_UNDECLARED_SELECTOR = YES;
				GCC_WARN_UNINITIALIZED_AUTOS = YES_AGGRESSIVE;
				GCC_WARN_UNUSED_FUNCTION = YES;
				GCC_WARN_UNUSED_VARIABLE = YES;
				IPHONEOS_DEPLOYMENT_TARGET = 9.2;
				MTL_ENABLE_DEBUG_INFO = YES;
				ONLY_ACTIVE_ARCH = YES;
				SDKROOT = iphoneos;
				TARGETED_DEVICE_FAMILY = "1,2";
				VERSIONING_SYSTEM = "apple-generic";
				VERSION_INFO_PREFIX = "";
			};
			name = Debug;
		};
		6D71CBB51C70C6B7003B0B1B /* Release */ = {
			isa = XCBuildConfiguration;
			buildSettings = {
				ALWAYS_SEARCH_USER_PATHS = NO;
				CLANG_CXX_LANGUAGE_STANDARD = "gnu++0x";
				CLANG_CXX_LIBRARY = "libc++";
				CLANG_ENABLE_MODULES = YES;
				CLANG_ENABLE_OBJC_ARC = YES;
				CLANG_WARN_BOOL_CONVERSION = YES;
				CLANG_WARN_CONSTANT_CONVERSION = YES;
				CLANG_WARN_DIRECT_OBJC_ISA_USAGE = YES_ERROR;
				CLANG_WARN_EMPTY_BODY = YES;
				CLANG_WARN_ENUM_CONVERSION = YES;
				CLANG_WARN_INT_CONVERSION = YES;
				CLANG_WARN_OBJC_ROOT_CLASS = YES_ERROR;
				CLANG_WARN_UNREACHABLE_CODE = YES;
				CLANG_WARN__DUPLICATE_METHOD_MATCH = YES;
				"CODE_SIGN_IDENTITY[sdk=iphoneos*]" = "iPhone Developer";
				COPY_PHASE_STRIP = NO;
				CURRENT_PROJECT_VERSION = 1;
				DEBUG_INFORMATION_FORMAT = "dwarf-with-dsym";
				ENABLE_NS_ASSERTIONS = NO;
				ENABLE_STRICT_OBJC_MSGSEND = YES;
				GCC_C_LANGUAGE_STANDARD = gnu99;
				GCC_NO_COMMON_BLOCKS = YES;
				GCC_WARN_64_TO_32_BIT_CONVERSION = YES;
				GCC_WARN_ABOUT_RETURN_TYPE = YES_ERROR;
				GCC_WARN_UNDECLARED_SELECTOR = YES;
				GCC_WARN_UNINITIALIZED_AUTOS = YES_AGGRESSIVE;
				GCC_WARN_UNUSED_FUNCTION = YES;
				GCC_WARN_UNUSED_VARIABLE = YES;
				IPHONEOS_DEPLOYMENT_TARGET = 9.2;
				MTL_ENABLE_DEBUG_INFO = NO;
				SDKROOT = iphoneos;
				TARGETED_DEVICE_FAMILY = "1,2";
				VALIDATE_PRODUCT = YES;
				VERSIONING_SYSTEM = "apple-generic";
				VERSION_INFO_PREFIX = "";
			};
			name = Release;
		};
		6D71CBB71C70C6B7003B0B1B /* Debug */ = {
			isa = XCBuildConfiguration;
			buildSettings = {
				DEFINES_MODULE = YES;
				DYLIB_COMPATIBILITY_VERSION = 1;
				DYLIB_CURRENT_VERSION = 1;
				DYLIB_INSTALL_NAME_BASE = "@rpath";
				INFOPLIST_FILE = ADContactsManager/Info.plist;
				INSTALL_PATH = "$(LOCAL_LIBRARY_DIR)/Frameworks";
				LD_RUNPATH_SEARCH_PATHS = "$(inherited) @executable_path/Frameworks @loader_path/Frameworks";
				PRODUCT_BUNDLE_IDENTIFIER = com.antondomashnev.ADContactsManager;
				PRODUCT_NAME = "$(TARGET_NAME)";
				SKIP_INSTALL = YES;
				WARNING_CFLAGS = (
					"-Weverything",
					"-Wno-objc-missing-property-synthesis",
				);
			};
			name = Debug;
		};
		6D71CBB81C70C6B7003B0B1B /* Release */ = {
			isa = XCBuildConfiguration;
			buildSettings = {
				DEFINES_MODULE = YES;
				DYLIB_COMPATIBILITY_VERSION = 1;
				DYLIB_CURRENT_VERSION = 1;
				DYLIB_INSTALL_NAME_BASE = "@rpath";
				INFOPLIST_FILE = ADContactsManager/Info.plist;
				INSTALL_PATH = "$(LOCAL_LIBRARY_DIR)/Frameworks";
				LD_RUNPATH_SEARCH_PATHS = "$(inherited) @executable_path/Frameworks @loader_path/Frameworks";
				PRODUCT_BUNDLE_IDENTIFIER = com.antondomashnev.ADContactsManager;
				PRODUCT_NAME = "$(TARGET_NAME)";
				SKIP_INSTALL = YES;
				WARNING_CFLAGS = (
					"-Weverything",
					"-Wno-objc-missing-property-synthesis",
				);
			};
			name = Release;
		};
		6D71CBBA1C70C6B7003B0B1B /* Debug */ = {
			isa = XCBuildConfiguration;
			baseConfigurationReference = 739A2219F9C8FDC24A36BBA7 /* Pods-ADContactsManagerTests.debug.xcconfig */;
			buildSettings = {
				GCC_TREAT_WARNINGS_AS_ERRORS = YES;
				INFOPLIST_FILE = ADContactsManagerTests/Info.plist;
				LD_RUNPATH_SEARCH_PATHS = "$(inherited) @executable_path/Frameworks @loader_path/Frameworks";
				PRODUCT_BUNDLE_IDENTIFIER = com.antondomashnev.ADContactsManagerTests;
				PRODUCT_NAME = "$(TARGET_NAME)";
			};
			name = Debug;
		};
		6D71CBBB1C70C6B7003B0B1B /* Release */ = {
			isa = XCBuildConfiguration;
			baseConfigurationReference = 0EAA46980971DEFFCB7EA4F8 /* Pods-ADContactsManagerTests.release.xcconfig */;
			buildSettings = {
				GCC_TREAT_WARNINGS_AS_ERRORS = YES;
				INFOPLIST_FILE = ADContactsManagerTests/Info.plist;
				LD_RUNPATH_SEARCH_PATHS = "$(inherited) @executable_path/Frameworks @loader_path/Frameworks";
				PRODUCT_BUNDLE_IDENTIFIER = com.antondomashnev.ADContactsManagerTests;
				PRODUCT_NAME = "$(TARGET_NAME)";
			};
			name = Release;
		};
/* End XCBuildConfiguration section */

/* Begin XCConfigurationList section */
		6D71CB9C1C70C6B7003B0B1B /* Build configuration list for PBXProject "ADContactsManager" */ = {
			isa = XCConfigurationList;
			buildConfigurations = (
				6D71CBB41C70C6B7003B0B1B /* Debug */,
				6D71CBB51C70C6B7003B0B1B /* Release */,
			);
			defaultConfigurationIsVisible = 0;
			defaultConfigurationName = Release;
		};
		6D71CBB61C70C6B7003B0B1B /* Build configuration list for PBXNativeTarget "ADContactsManager" */ = {
			isa = XCConfigurationList;
			buildConfigurations = (
				6D71CBB71C70C6B7003B0B1B /* Debug */,
				6D71CBB81C70C6B7003B0B1B /* Release */,
			);
			defaultConfigurationIsVisible = 0;
			defaultConfigurationName = Release;
		};
		6D71CBB91C70C6B7003B0B1B /* Build configuration list for PBXNativeTarget "ADContactsManagerTests" */ = {
			isa = XCConfigurationList;
			buildConfigurations = (
				6D71CBBA1C70C6B7003B0B1B /* Debug */,
				6D71CBBB1C70C6B7003B0B1B /* Release */,
			);
			defaultConfigurationIsVisible = 0;
			defaultConfigurationName = Release;
		};
/* End XCConfigurationList section */
	};
	rootObject = 6D71CB991C70C6B7003B0B1B /* Project object */;
}
