// !$*UTF8*$!
{
	archiveVersion = 1;
	classes = {
	};
	objectVersion = 46;
	objects = {

/* Begin PBXBuildFile section */
		6D71CBA61C70C6B7003B0B1B /* ADContactsManager.h in Headers */ = {isa = PBXBuildFile; fileRef = 6D71CBA51C70C6B7003B0B1B /* ADContactsManager.h */; settings = {ATTRIBUTES = (Public, ); }; };
		6D71CBAD1C70C6B7003B0B1B /* ADContactsManager.framework in Frameworks */ = {isa = PBXBuildFile; fileRef = 6D71CBA21C70C6B7003B0B1B /* ADContactsManager.framework */; };
		6D71CBB21C70C6B7003B0B1B /* ADContactsManagerTests.m in Sources */ = {isa = PBXBuildFile; fileRef = 6D71CBB11C70C6B7003B0B1B /* ADContactsManagerTests.m */; };
/* End PBXBuildFile section */

/* Begin PBXContainerItemProxy section */
		6D71CBAE1C70C6B7003B0B1B /* PBXContainerItemProxy */ = {
			isa = PBXContainerItemProxy;
			containerPortal = 6D71CB991C70C6B7003B0B1B /* Project object */;
			proxyType = 1;
			remoteGlobalIDString = 6D71CBA11C70C6B7003B0B1B;
			remoteInfo = ADContactsManager;
		};
/* End PBXContainerItemProxy section */

/* Begin PBXFileReference section */
		6D71CBA21C70C6B7003B0B1B /* ADContactsManager.framework */ = {isa = PBXFileReference; explicitFileType = wrapper.framework; includeInIndex = 0; path = ADContactsManager.framework; sourceTree = BUILT_PRODUCTS_DIR; };
		6D71CBA51C70C6B7003B0B1B /* ADContactsManager.h */ = {isa = PBXFileReference; lastKnownFileType = sourcecode.c.h; path = ADContactsManager.h; sourceTree = "<group>"; };
		6D71CBA71C70C6B7003B0B1B /* Info.plist */ = {isa = PBXFileReference; lastKnownFileType = text.plist.xml; path = Info.plist; sourceTree = "<group>"; };
		6D71CBAC1C70C6B7003B0B1B /* ADContactsManagerTests.xctest */ = {isa = PBXFileReference; explicitFileType = wrapper.cfbundle; includeInIndex = 0; path = ADContactsManagerTests.xctest; sourceTree = BUILT_PRODUCTS_DIR; };
		6D71CBB11C70C6B7003B0B1B /* ADContactsManagerTests.m */ = {isa = PBXFileReference; lastKnownFileType = sourcecode.c.objc; path = ADContactsManagerTests.m; sourceTree = "<group>"; };
		6D71CBB31C70C6B7003B0B1B /* Info.plist */ = {isa = PBXFileReference; lastKnownFileType = text.plist.xml; path = Info.plist; sourceTree = "<group>"; };
/* End PBXFileReference section */

/* Begin PBXFrameworksBuildPhase section */
		6D71CB9E1C70C6B7003B0B1B /* Frameworks */ = {
			isa = PBXFrameworksBuildPhase;
			buildActionMask = 2147483647;
			files = (
			);
			runOnlyForDeploymentPostprocessing = 0;
		};
		6D71CBA91C70C6B7003B0B1B /* Frameworks */ = {
			isa = PBXFrameworksBuildPhase;
			buildActionMask = 2147483647;
			files = (
				6D71CBAD1C70C6B7003B0B1B /* ADContactsManager.framework in Frameworks */,
			);
			runOnlyForDeploymentPostprocessing = 0;
		};
/* End PBXFrameworksBuildPhase section */

/* Begin PBXGroup section */
		6D71CB981C70C6B7003B0B1B = {
			isa = PBXGroup;
			children = (
				6D71CBA41C70C6B7003B0B1B /* ADContactsManager */,
				6D71CBB01C70C6B7003B0B1B /* ADContactsManagerTests */,
				6D71CBA31C70C6B7003B0B1B /* Products */,
			);
			sourceTree = "<group>";
		};
		6D71CBA31C70C6B7003B0B1B /* Products */ = {
			isa = PBXGroup;
			children = (
				6D71CBA21C70C6B7003B0B1B /* ADContactsManager.framework */,
				6D71CBAC1C70C6B7003B0B1B /* ADContactsManagerTests.xctest */,
			);
			name = Products;
			sourceTree = "<group>";
		};
		6D71CBA41C70C6B7003B0B1B /* ADContactsManager */ = {
			isa = PBXGroup;
			children = (
				6D71CBA51C70C6B7003B0B1B /* ADContactsManager.h */,
				6D71CBA71C70C6B7003B0B1B /* Info.plist */,
			);
			path = ADContactsManager;
			sourceTree = "<group>";
		};
		6D71CBB01C70C6B7003B0B1B /* ADContactsManagerTests */ = {
			isa = PBXGroup;
			children = (
				6D71CBB11C70C6B7003B0B1B /* ADContactsManagerTests.m */,
				6D71CBB31C70C6B7003B0B1B /* Info.plist */,
			);
			path = ADContactsManagerTests;
			sourceTree = "<group>";
		};
/* End PBXGroup section */

/* Begin PBXHeadersBuildPhase section */
		6D71CB9F1C70C6B7003B0B1B /* Headers */ = {
			isa = PBXHeadersBuildPhase;
			buildActionMask = 2147483647;
			files = (
				6D71CBA61C70C6B7003B0B1B /* ADContactsManager.h in Headers */,
			);
			runOnlyForDeploymentPostprocessing = 0;
		};
/* End PBXHeadersBuildPhase section */

/* Begin PBXNativeTarget section */
		6D71CBA11C70C6B7003B0B1B /* ADContactsManager */ = {
			isa = PBXNativeTarget;
			buildConfigurationList = 6D71CBB61C70C6B7003B0B1B /* Build configuration list for PBXNativeTarget "ADContactsManager" */;
			buildPhases = (
				6D71CB9D1C70C6B7003B0B1B /* Sources */,
				6D71CB9E1C70C6B7003B0B1B /* Frameworks */,
				6D71CB9F1C70C6B7003B0B1B /* Headers */,
				6D71CBA01C70C6B7003B0B1B /* Resources */,
			);
			buildRules = (
			);
			dependencies = (
			);
			name = ADContactsManager;
			productName = ADContactsManager;
			productReference = 6D71CBA21C70C6B7003B0B1B /* ADContactsManager.framework */;
			productType = "com.apple.product-type.framework";
		};
		6D71CBAB1C70C6B7003B0B1B /* ADContactsManagerTests */ = {
			isa = PBXNativeTarget;
			buildConfigurationList = 6D71CBB91C70C6B7003B0B1B /* Build configuration list for PBXNativeTarget "ADContactsManagerTests" */;
			buildPhases = (
				6D71CBA81C70C6B7003B0B1B /* Sources */,
				6D71CBA91C70C6B7003B0B1B /* Frameworks */,
				6D71CBAA1C70C6B7003B0B1B /* Resources */,
			);
			buildRules = (
			);
			dependencies = (
				6D71CBAF1C70C6B7003B0B1B /* PBXTargetDependency */,
			);
			name = ADContactsManagerTests;
			productName = ADContactsManagerTests;
			productReference = 6D71CBAC1C70C6B7003B0B1B /* ADContactsManagerTests.xctest */;
			productType = "com.apple.product-type.bundle.unit-test";
		};
/* End PBXNativeTarget section */

/* Begin PBXProject section */
		6D71CB991C70C6B7003B0B1B /* Project object */ = {
			isa = PBXProject;
			attributes = {
				LastUpgradeCheck = 0720;
				ORGANIZATIONNAME = "Anton Domashnev";
				TargetAttributes = {
					6D71CBA11C70C6B7003B0B1B = {
						CreatedOnToolsVersion = 7.2.1;
					};
					6D71CBAB1C70C6B7003B0B1B = {
						CreatedOnToolsVersion = 7.2.1;
					};
				};
			};
			buildConfigurationList = 6D71CB9C1C70C6B7003B0B1B /* Build configuration list for PBXProject "ADContactsManager" */;
			compatibilityVersion = "Xcode 3.2";
			developmentRegion = English;
			hasScannedForEncodings = 0;
			knownRegions = (
				en,
			);
			mainGroup = 6D71CB981C70C6B7003B0B1B;
			productRefGroup = 6D71CBA31C70C6B7003B0B1B /* Products */;
			projectDirPath = "";
			projectRoot = "";
			targets = (
				6D71CBA11C70C6B7003B0B1B /* ADContactsManager */,
				6D71CBAB1C70C6B7003B0B1B /* ADContactsManagerTests */,
			);
		};
/* End PBXProject section */

/* Begin PBXResourcesBuildPhase section */
		6D71CBA01C70C6B7003B0B1B /* Resources */ = {
			isa = PBXResourcesBuildPhase;
			buildActionMask = 2147483647;
			files = (
			);
			runOnlyForDeploymentPostprocessing = 0;
		};
		6D71CBAA1C70C6B7003B0B1B /* Resources */ = {
			isa = PBXResourcesBuildPhase;
			buildActionMask = 2147483647;
			files = (
			);
			runOnlyForDeploymentPostprocessing = 0;
		};
/* End PBXResourcesBuildPhase section */

/* Begin PBXSourcesBuildPhase section */
		6D71CB9D1C70C6B7003B0B1B /* Sources */ = {
			isa = PBXSourcesBuildPhase;
			buildActionMask = 2147483647;
			files = (
			);
			runOnlyForDeploymentPostprocessing = 0;
		};
		6D71CBA81C70C6B7003B0B1B /* Sources */ = {
			isa = PBXSourcesBuildPhase;
			buildActionMask = 2147483647;
			files = (
				6D71CBB21C70C6B7003B0B1B /* ADContactsManagerTests.m in Sources */,
			);
			runOnlyForDeploymentPostprocessing = 0;
		};
/* End PBXSourcesBuildPhase section */

/* Begin PBXTargetDependency section */
		6D71CBAF1C70C6B7003B0B1B /* PBXTargetDependency */ = {
			isa = PBXTargetDependency;
			target = 6D71CBA11C70C6B7003B0B1B /* ADContactsManager */;
			targetProxy = 6D71CBAE1C70C6B7003B0B1B /* PBXContainerItemProxy */;
		};
/* End PBXTargetDependency section */

/* Begin XCBuildConfiguration section */
		6D71CBB41C70C6B7003B0B1B /* Debug */ = {
			isa = XCBuildConfiguration;
			buildSettings = {
				ALWAYS_SEARCH_USER_PATHS = NO;
				CLANG_CXX_LANGUAGE_STANDARD = "gnu++0x";
				CLANG_CXX_LIBRARY = "libc++";
				CLANG_ENABLE_MODULES = YES;
				CLANG_ENABLE_OBJC_ARC = YES;
				CLANG_WARN_BOOL_CONVERSION = YES;
				CLANG_WARN_CONSTANT_CONVERSION = YES;
				CLANG_WARN_DIRECT_OBJC_ISA_USAGE = YES_ERROR;
				CLANG_WARN_EMPTY_BODY = YES;
				CLANG_WARN_ENUM_CONVERSION = YES;
				CLANG_WARN_INT_CONVERSION = YES;
				CLANG_WARN_OBJC_ROOT_CLASS = YES_ERROR;
				CLANG_WARN_UNREACHABLE_CODE = YES;
				CLANG_WARN__DUPLICATE_METHOD_MATCH = YES;
				"CODE_SIGN_IDENTITY[sdk=iphoneos*]" = "iPhone Developer";
				COPY_PHASE_STRIP = NO;
				CURRENT_PROJECT_VERSION = 1;
				DEBUG_INFORMATION_FORMAT = dwarf;
				ENABLE_STRICT_OBJC_MSGSEND = YES;
				ENABLE_TESTABILITY = YES;
				GCC_C_LANGUAGE_STANDARD = gnu99;
				GCC_DYNAMIC_NO_PIC = NO;
				GCC_NO_COMMON_BLOCKS = YES;
				GCC_OPTIMIZATION_LEVEL = 0;
				GCC_PREPROCESSOR_DEFINITIONS = (
					"DEBUG=1",
					"$(inherited)",
				);
				GCC_WARN_64_TO_32_BIT_CONVERSION = YES;
				GCC_WARN_ABOUT_RETURN_TYPE = YES_ERROR;
				GCC_WARN_UNDECLARED_SELECTOR = YES;
				GCC_WARN_UNINITIALIZED_AUTOS = YES_AGGRESSIVE;
				GCC_WARN_UNUSED_FUNCTION = YES;
				GCC_WARN_UNUSED_VARIABLE = YES;
				IPHONEOS_DEPLOYMENT_TARGET = 9.2;
				MTL_ENABLE_DEBUG_INFO = YES;
				ONLY_ACTIVE_ARCH = YES;
				SDKROOT = iphoneos;
				TARGETED_DEVICE_FAMILY = "1,2";
				VERSIONING_SYSTEM = "apple-generic";
				VERSION_INFO_PREFIX = "";
			};
			name = Debug;
		};
		6D71CBB51C70C6B7003B0B1B /* Release */ = {
			isa = XCBuildConfiguration;
			buildSettings = {
				ALWAYS_SEARCH_USER_PATHS = NO;
				CLANG_CXX_LANGUAGE_STANDARD = "gnu++0x";
				CLANG_CXX_LIBRARY = "libc++";
				CLANG_ENABLE_MODULES = YES;
				CLANG_ENABLE_OBJC_ARC = YES;
				CLANG_WARN_BOOL_CONVERSION = YES;
				CLANG_WARN_CONSTANT_CONVERSION = YES;
				CLANG_WARN_DIRECT_OBJC_ISA_USAGE = YES_ERROR;
				CLANG_WARN_EMPTY_BODY = YES;
				CLANG_WARN_ENUM_CONVERSION = YES;
				CLANG_WARN_INT_CONVERSION = YES;
				CLANG_WARN_OBJC_ROOT_CLASS = YES_ERROR;
				CLANG_WARN_UNREACHABLE_CODE = YES;
				CLANG_WARN__DUPLICATE_METHOD_MATCH = YES;
				"CODE_SIGN_IDENTITY[sdk=iphoneos*]" = "iPhone Developer";
				COPY_PHASE_STRIP = NO;
				CURRENT_PROJECT_VERSION = 1;
				DEBUG_INFORMATION_FORMAT = "dwarf-with-dsym";
				ENABLE_NS_ASSERTIONS = NO;
				ENABLE_STRICT_OBJC_MSGSEND = YES;
				GCC_C_LANGUAGE_STANDARD = gnu99;
				GCC_NO_COMMON_BLOCKS = YES;
				GCC_WARN_64_TO_32_BIT_CONVERSION = YES;
				GCC_WARN_ABOUT_RETURN_TYPE = YES_ERROR;
				GCC_WARN_UNDECLARED_SELECTOR = YES;
				GCC_WARN_UNINITIALIZED_AUTOS = YES_AGGRESSIVE;
				GCC_WARN_UNUSED_FUNCTION = YES;
				GCC_WARN_UNUSED_VARIABLE = YES;
				IPHONEOS_DEPLOYMENT_TARGET = 9.2;
				MTL_ENABLE_DEBUG_INFO = NO;
				SDKROOT = iphoneos;
				TARGETED_DEVICE_FAMILY = "1,2";
				VALIDATE_PRODUCT = YES;
				VERSIONING_SYSTEM = "apple-generic";
				VERSION_INFO_PREFIX = "";
			};
			name = Release;
		};
		6D71CBB71C70C6B7003B0B1B /* Debug */ = {
			isa = XCBuildConfiguration;
			buildSettings = {
				DEFINES_MODULE = YES;
				DYLIB_COMPATIBILITY_VERSION = 1;
				DYLIB_CURRENT_VERSION = 1;
				DYLIB_INSTALL_NAME_BASE = "@rpath";
				INFOPLIST_FILE = ADContactsManager/Info.plist;
				INSTALL_PATH = "$(LOCAL_LIBRARY_DIR)/Frameworks";
				LD_RUNPATH_SEARCH_PATHS = "$(inherited) @executable_path/Frameworks @loader_path/Frameworks";
				PRODUCT_BUNDLE_IDENTIFIER = com.antondomashnev.ADContactsManager;
				PRODUCT_NAME = "$(TARGET_NAME)";
				SKIP_INSTALL = YES;
			};
			name = Debug;
		};
		6D71CBB81C70C6B7003B0B1B /* Release */ = {
			isa = XCBuildConfiguration;
			buildSettings = {
				DEFINES_MODULE = YES;
				DYLIB_COMPATIBILITY_VERSION = 1;
				DYLIB_CURRENT_VERSION = 1;
				DYLIB_INSTALL_NAME_BASE = "@rpath";
				INFOPLIST_FILE = ADContactsManager/Info.plist;
				INSTALL_PATH = "$(LOCAL_LIBRARY_DIR)/Frameworks";
				LD_RUNPATH_SEARCH_PATHS = "$(inherited) @executable_path/Frameworks @loader_path/Frameworks";
				PRODUCT_BUNDLE_IDENTIFIER = com.antondomashnev.ADContactsManager;
				PRODUCT_NAME = "$(TARGET_NAME)";
				SKIP_INSTALL = YES;
			};
			name = Release;
		};
		6D71CBBA1C70C6B7003B0B1B /* Debug */ = {
			isa = XCBuildConfiguration;
			buildSettings = {
				INFOPLIST_FILE = ADContactsManagerTests/Info.plist;
				LD_RUNPATH_SEARCH_PATHS = "$(inherited) @executable_path/Frameworks @loader_path/Frameworks";
				PRODUCT_BUNDLE_IDENTIFIER = com.antondomashnev.ADContactsManagerTests;
				PRODUCT_NAME = "$(TARGET_NAME)";
			};
			name = Debug;
		};
		6D71CBBB1C70C6B7003B0B1B /* Release */ = {
			isa = XCBuildConfiguration;
			buildSettings = {
				INFOPLIST_FILE = ADContactsManagerTests/Info.plist;
				LD_RUNPATH_SEARCH_PATHS = "$(inherited) @executable_path/Frameworks @loader_path/Frameworks";
				PRODUCT_BUNDLE_IDENTIFIER = com.antondomashnev.ADContactsManagerTests;
				PRODUCT_NAME = "$(TARGET_NAME)";
			};
			name = Release;
		};
/* End XCBuildConfiguration section */

/* Begin XCConfigurationList section */
		6D71CB9C1C70C6B7003B0B1B /* Build configuration list for PBXProject "ADContactsManager" */ = {
			isa = XCConfigurationList;
			buildConfigurations = (
				6D71CBB41C70C6B7003B0B1B /* Debug */,
				6D71CBB51C70C6B7003B0B1B /* Release */,
			);
			defaultConfigurationIsVisible = 0;
			defaultConfigurationName = Release;
		};
		6D71CBB61C70C6B7003B0B1B /* Build configuration list for PBXNativeTarget "ADContactsManager" */ = {
			isa = XCConfigurationList;
			buildConfigurations = (
				6D71CBB71C70C6B7003B0B1B /* Debug */,
				6D71CBB81C70C6B7003B0B1B /* Release */,
			);
			defaultConfigurationIsVisible = 0;
		};
		6D71CBB91C70C6B7003B0B1B /* Build configuration list for PBXNativeTarget "ADContactsManagerTests" */ = {
			isa = XCConfigurationList;
			buildConfigurations = (
				6D71CBBA1C70C6B7003B0B1B /* Debug */,
				6D71CBBB1C70C6B7003B0B1B /* Release */,
			);
			defaultConfigurationIsVisible = 0;
		};
/* End XCConfigurationList section */
	};
	rootObject = 6D71CB991C70C6B7003B0B1B /* Project object */;
}
